
Microsoft Visual Studio Solution File, Format Version 12.00
# Visual Studio Version 17
VisualStudioVersion = 17.1.32210.238
MinimumVisualStudioVersion = 10.0.40219.1
Project("{9A19103F-16F7-4668-BE54-9A1E7A4F7556}") = "LessonMonitor.WebAPI", "LessonMonitor.WebAPI\LessonMonitor.WebAPI.csproj", "{96A42A9B-494E-40B1-9D83-A05E359B1168}"
EndProject
Project("{00D1A9C2-B5F0-4AF3-8072-F6C62B433612}") = "LessonMonitor.DataBase", "LessonMonitor.DataBase\LessonMonitor.DataBase.sqlproj", "{402E2C02-7F44-4B97-B1AE-7EB7FA083FE9}"
EndProject
Global
	GlobalSection(SolutionConfigurationPlatforms) = preSolution
		Debug|Any CPU = Debug|Any CPU
		Release|Any CPU = Release|Any CPU
	EndGlobalSection
	GlobalSection(ProjectConfigurationPlatforms) = postSolution
		{96A42A9B-494E-40B1-9D83-A05E359B1168}.Debug|Any CPU.ActiveCfg = Debug|Any CPU
		{96A42A9B-494E-40B1-9D83-A05E359B1168}.Debug|Any CPU.Build.0 = Debug|Any CPU
		{96A42A9B-494E-40B1-9D83-A05E359B1168}.Release|Any CPU.ActiveCfg = Release|Any CPU
		{96A42A9B-494E-40B1-9D83-A05E359B1168}.Release|Any CPU.Build.0 = Release|Any CPU
		{402E2C02-7F44-4B97-B1AE-7EB7FA083FE9}.Debug|Any CPU.ActiveCfg = Debug|Any CPU
		{402E2C02-7F44-4B97-B1AE-7EB7FA083FE9}.Debug|Any CPU.Build.0 = Debug|Any CPU
		{402E2C02-7F44-4B97-B1AE-7EB7FA083FE9}.Debug|Any CPU.Deploy.0 = Debug|Any CPU
		{402E2C02-7F44-4B97-B1AE-7EB7FA083FE9}.Release|Any CPU.ActiveCfg = Release|Any CPU
		{402E2C02-7F44-4B97-B1AE-7EB7FA083FE9}.Release|Any CPU.Build.0 = Release|Any CPU
		{402E2C02-7F44-4B97-B1AE-7EB7FA083FE9}.Release|Any CPU.Deploy.0 = Release|Any CPU
	EndGlobalSection
	GlobalSection(SolutionProperties) = preSolution
		HideSolutionNode = FALSE
	EndGlobalSection
	GlobalSection(ExtensibilityGlobals) = postSolution
		SolutionGuid = {49348B16-8C4C-4752-BD3E-B04824CFAFAA}
	EndGlobalSection
EndGlobal
